
Microsoft Visual Studio Solution File, Format Version 12.00
# Visual Studio Version 16
VisualStudioVersion = 16.0.30711.63
MinimumVisualStudioVersion = 10.0.40219.1
Project("{9A19103F-16F7-4668-BE54-9A1E7A4F7556}") = "Utilities", "Utilities\Utilities.csproj", "{FA212F0F-F3CB-421C-A6A3-A7506E7EDBDB}"
EndProject
Project("{FAE04EC0-301F-11D3-BF4B-00C04F79EFBC}") = "Utilities.Test", "Utilities.Test\Utilities.Test.csproj", "{92379B89-92FB-4EFF-98EB-61F6C05B2631}"
EndProject
Global
	GlobalSection(SolutionConfigurationPlatforms) = preSolution
		Debug|Any CPU = Debug|Any CPU
		Release|Any CPU = Release|Any CPU
	EndGlobalSection
	GlobalSection(ProjectConfigurationPlatforms) = postSolution
		{FA212F0F-F3CB-421C-A6A3-A7506E7EDBDB}.Debug|Any CPU.ActiveCfg = Debug|Any CPU
		{FA212F0F-F3CB-421C-A6A3-A7506E7EDBDB}.Debug|Any CPU.Build.0 = Debug|Any CPU
		{FA212F0F-F3CB-421C-A6A3-A7506E7EDBDB}.Release|Any CPU.ActiveCfg = Release|Any CPU
		{FA212F0F-F3CB-421C-A6A3-A7506E7EDBDB}.Release|Any CPU.Build.0 = Release|Any CPU
		{92379B89-92FB-4EFF-98EB-61F6C05B2631}.Debug|Any CPU.ActiveCfg = Debug|Any CPU
		{92379B89-92FB-4EFF-98EB-61F6C05B2631}.Debug|Any CPU.Build.0 = Debug|Any CPU
		{92379B89-92FB-4EFF-98EB-61F6C05B2631}.Release|Any CPU.ActiveCfg = Release|Any CPU
		{92379B89-92FB-4EFF-98EB-61F6C05B2631}.Release|Any CPU.Build.0 = Release|Any CPU
	EndGlobalSection
	GlobalSection(SolutionProperties) = preSolution
		HideSolutionNode = FALSE
	EndGlobalSection
	GlobalSection(ExtensibilityGlobals) = postSolution
		SolutionGuid = {18E61186-DBE2-4B36-9E14-C82C5B82FCE8}
	EndGlobalSection
EndGlobal
